
Microsoft Visual Studio Solution File, Format Version 12.00
# Visual Studio Version 16
VisualStudioVersion = 16.0.31112.23
MinimumVisualStudioVersion = 10.0.40219.1
Project("{9A19103F-16F7-4668-BE54-9A1E7A4F7556}") = "CyberShop.Web", "CyberShop.Web\CyberShop.Web.csproj", "{C9866F4A-1D08-44F8-8AC6-298298684553}"
EndProject
Project("{9A19103F-16F7-4668-BE54-9A1E7A4F7556}") = "CyberShop.Data", "CyberShop.Data\CyberShop.Data.csproj", "{569A5AA9-70A0-4B67-8A00-B342C6713493}"
EndProject
Project("{9A19103F-16F7-4668-BE54-9A1E7A4F7556}") = "CyberShop.Domain.Logic", "CyberShop.Domain.Logic\CyberShop.Domain.Logic.csproj", "{35ED79FF-A859-47C9-BD6C-50BE9794504D}"
EndProject
Project("{9A19103F-16F7-4668-BE54-9A1E7A4F7556}") = "CyberShop.Domain.Models", "CyberShop.Domain.Models\CyberShop.Domain.Models.csproj", "{46975F00-C0BE-439D-8B77-B0F8CAC96163}"
EndProject
Project("{9092AA53-FB77-4645-B42D-1CCCA6BD08BD}") = "CyberShop.Web.Client", "CyberShop.Web.Client\CyberShop.Web.Client.njsproj", "{39BAAB9C-975C-4766-AC31-C7AC3C08F995}"
EndProject
Global
	GlobalSection(SolutionConfigurationPlatforms) = preSolution
		Debug|Any CPU = Debug|Any CPU
		Release|Any CPU = Release|Any CPU
	EndGlobalSection
	GlobalSection(ProjectConfigurationPlatforms) = postSolution
		{C9866F4A-1D08-44F8-8AC6-298298684553}.Debug|Any CPU.ActiveCfg = Debug|Any CPU
		{C9866F4A-1D08-44F8-8AC6-298298684553}.Debug|Any CPU.Build.0 = Debug|Any CPU
		{C9866F4A-1D08-44F8-8AC6-298298684553}.Release|Any CPU.ActiveCfg = Release|Any CPU
		{C9866F4A-1D08-44F8-8AC6-298298684553}.Release|Any CPU.Build.0 = Release|Any CPU
		{569A5AA9-70A0-4B67-8A00-B342C6713493}.Debug|Any CPU.ActiveCfg = Debug|Any CPU
		{569A5AA9-70A0-4B67-8A00-B342C6713493}.Debug|Any CPU.Build.0 = Debug|Any CPU
		{569A5AA9-70A0-4B67-8A00-B342C6713493}.Release|Any CPU.ActiveCfg = Release|Any CPU
		{569A5AA9-70A0-4B67-8A00-B342C6713493}.Release|Any CPU.Build.0 = Release|Any CPU
		{35ED79FF-A859-47C9-BD6C-50BE9794504D}.Debug|Any CPU.ActiveCfg = Debug|Any CPU
		{35ED79FF-A859-47C9-BD6C-50BE9794504D}.Debug|Any CPU.Build.0 = Debug|Any CPU
		{35ED79FF-A859-47C9-BD6C-50BE9794504D}.Release|Any CPU.ActiveCfg = Release|Any CPU
		{35ED79FF-A859-47C9-BD6C-50BE9794504D}.Release|Any CPU.Build.0 = Release|Any CPU
		{46975F00-C0BE-439D-8B77-B0F8CAC96163}.Debug|Any CPU.ActiveCfg = Debug|Any CPU
		{46975F00-C0BE-439D-8B77-B0F8CAC96163}.Debug|Any CPU.Build.0 = Debug|Any CPU
		{46975F00-C0BE-439D-8B77-B0F8CAC96163}.Release|Any CPU.ActiveCfg = Release|Any CPU
		{46975F00-C0BE-439D-8B77-B0F8CAC96163}.Release|Any CPU.Build.0 = Release|Any CPU
		{39BAAB9C-975C-4766-AC31-C7AC3C08F995}.Debug|Any CPU.ActiveCfg = Debug|Any CPU
		{39BAAB9C-975C-4766-AC31-C7AC3C08F995}.Debug|Any CPU.Build.0 = Debug|Any CPU
		{39BAAB9C-975C-4766-AC31-C7AC3C08F995}.Release|Any CPU.ActiveCfg = Release|Any CPU
		{39BAAB9C-975C-4766-AC31-C7AC3C08F995}.Release|Any CPU.Build.0 = Release|Any CPU
	EndGlobalSection
	GlobalSection(SolutionProperties) = preSolution
		HideSolutionNode = FALSE
	EndGlobalSection
	GlobalSection(ExtensibilityGlobals) = postSolution
		SolutionGuid = {90D4EE2D-5FEA-40D5-9005-EECB3A7D6271}
	EndGlobalSection
EndGlobal
